
Microsoft Visual Studio Solution File, Format Version 12.00
# Visual Studio 15
VisualStudioVersion = 15.0.28307.421
MinimumVisualStudioVersion = 10.0.40219.1
Project("{FAE04EC0-301F-11D3-BF4B-00C04F79EFBC}") = "ConsoleApp1", "ConsoleApp1\ConsoleApp1.csproj", "{B4634972-92CD-4A84-ADC4-340559C8880B}"
EndProject
Global
	GlobalSection(SolutionConfigurationPlatforms) = preSolution
		Debug|Any CPU = Debug|Any CPU
		Release|Any CPU = Release|Any CPU
	EndGlobalSection
	GlobalSection(ProjectConfigurationPlatforms) = postSolution
		{B4634972-92CD-4A84-ADC4-340559C8880B}.Debug|Any CPU.ActiveCfg = Debug|Any CPU
		{B4634972-92CD-4A84-ADC4-340559C8880B}.Debug|Any CPU.Build.0 = Debug|Any CPU
		{B4634972-92CD-4A84-ADC4-340559C8880B}.Release|Any CPU.ActiveCfg = Release|Any CPU
		{B4634972-92CD-4A84-ADC4-340559C8880B}.Release|Any CPU.Build.0 = Release|Any CPU
	EndGlobalSection
	GlobalSection(SolutionProperties) = preSolution
		HideSolutionNode = FALSE
	EndGlobalSection
	GlobalSection(ExtensibilityGlobals) = postSolution
		SolutionGuid = {7B83894B-1BE8-434B-8862-676AD6F755AA}
	EndGlobalSection
EndGlobal
